
Microsoft Visual Studio Solution File, Format Version 12.00
# Visual Studio Version 17
VisualStudioVersion = 17.7.34024.191
MinimumVisualStudioVersion = 10.0.40219.1
Project("{9A19103F-16F7-4668-BE54-9A1E7A4F7556}") = "NddcStaffMedicals.Web", "NddcStaffMedicals.Web\NddcStaffMedicals.Web.csproj", "{6B8D1465-FF3B-46FD-8FD9-71888DEFFFA8}"
EndProject
Project("{9A19103F-16F7-4668-BE54-9A1E7A4F7556}") = "NddcStaffMedicalsLibrary", "NddcStaffMedicalsLibrary\NddcStaffMedicalsLibrary.csproj", "{CDB9E63F-8E71-4CAF-BB07-E6A8B99F8FE4}"
EndProject
Global
	GlobalSection(SolutionConfigurationPlatforms) = preSolution
		Debug|Any CPU = Debug|Any CPU
		Release|Any CPU = Release|Any CPU
	EndGlobalSection
	GlobalSection(ProjectConfigurationPlatforms) = postSolution
		{6B8D1465-FF3B-46FD-8FD9-71888DEFFFA8}.Debug|Any CPU.ActiveCfg = Debug|Any CPU
		{6B8D1465-FF3B-46FD-8FD9-71888DEFFFA8}.Debug|Any CPU.Build.0 = Debug|Any CPU
		{6B8D1465-FF3B-46FD-8FD9-71888DEFFFA8}.Release|Any CPU.ActiveCfg = Release|Any CPU
		{6B8D1465-FF3B-46FD-8FD9-71888DEFFFA8}.Release|Any CPU.Build.0 = Release|Any CPU
		{CDB9E63F-8E71-4CAF-BB07-E6A8B99F8FE4}.Debug|Any CPU.ActiveCfg = Debug|Any CPU
		{CDB9E63F-8E71-4CAF-BB07-E6A8B99F8FE4}.Debug|Any CPU.Build.0 = Debug|Any CPU
		{CDB9E63F-8E71-4CAF-BB07-E6A8B99F8FE4}.Release|Any CPU.ActiveCfg = Release|Any CPU
		{CDB9E63F-8E71-4CAF-BB07-E6A8B99F8FE4}.Release|Any CPU.Build.0 = Release|Any CPU
	EndGlobalSection
	GlobalSection(SolutionProperties) = preSolution
		HideSolutionNode = FALSE
	EndGlobalSection
	GlobalSection(ExtensibilityGlobals) = postSolution
		SolutionGuid = {17EF31C3-D70F-4883-B4D1-49766E1E98A4}
	EndGlobalSection
EndGlobal
